// !$*UTF8*$!
{
	archiveVersion = 1;
	classes = {
	};
	objectVersion = 46;
	objects = {

/* Begin PBXBuildFile section */
		180010101D1316D400E01991 /* ViewController.m in Sources */ = {isa = PBXBuildFile; fileRef = 1800100B1D1316D400E01991 /* ViewController.m */; };
		180010111D1316D400E01991 /* AppDelegate.m in Sources */ = {isa = PBXBuildFile; fileRef = 1800100E1D1316D400E01991 /* AppDelegate.m */; };
		180010121D1316D400E01991 /* main.m in Sources */ = {isa = PBXBuildFile; fileRef = 1800100F1D1316D400E01991 /* main.m */; };
		1800104D1D13178000E01991 /* AFHTTPSessionManager.m in Sources */ = {isa = PBXBuildFile; fileRef = 180010161D13178000E01991 /* AFHTTPSessionManager.m */; };
		1800104E1D13178000E01991 /* AFNetworkReachabilityManager.m in Sources */ = {isa = PBXBuildFile; fileRef = 180010191D13178000E01991 /* AFNetworkReachabilityManager.m */; };
		1800104F1D13178000E01991 /* AFSecurityPolicy.m in Sources */ = {isa = PBXBuildFile; fileRef = 1800101B1D13178000E01991 /* AFSecurityPolicy.m */; };
		180010501D13178000E01991 /* AFURLRequestSerialization.m in Sources */ = {isa = PBXBuildFile; fileRef = 1800101D1D13178000E01991 /* AFURLRequestSerialization.m */; };
		180010511D13178000E01991 /* AFURLResponseSerialization.m in Sources */ = {isa = PBXBuildFile; fileRef = 1800101F1D13178000E01991 /* AFURLResponseSerialization.m */; };
		180010521D13178000E01991 /* AFURLSessionManager.m in Sources */ = {isa = PBXBuildFile; fileRef = 180010211D13178000E01991 /* AFURLSessionManager.m */; };
		180010531D13178000E01991 /* MKAnnotationView+WebCache.m in Sources */ = {isa = PBXBuildFile; fileRef = 180010241D13178000E01991 /* MKAnnotationView+WebCache.m */; };
		180010541D13178000E01991 /* NSData+ImageContentType.m in Sources */ = {isa = PBXBuildFile; fileRef = 180010261D13178000E01991 /* NSData+ImageContentType.m */; };
		180010551D13178000E01991 /* SDImageCache.m in Sources */ = {isa = PBXBuildFile; fileRef = 180010281D13178000E01991 /* SDImageCache.m */; };
		180010561D13178000E01991 /* SDWebImageCompat.m in Sources */ = {isa = PBXBuildFile; fileRef = 1800102A1D13178000E01991 /* SDWebImageCompat.m */; };
		180010571D13178000E01991 /* SDWebImageDecoder.m in Sources */ = {isa = PBXBuildFile; fileRef = 1800102C1D13178000E01991 /* SDWebImageDecoder.m */; };
		180010581D13178000E01991 /* SDWebImageDownloader.m in Sources */ = {isa = PBXBuildFile; fileRef = 1800102E1D13178000E01991 /* SDWebImageDownloader.m */; };
		180010591D13178000E01991 /* SDWebImageDownloaderOperation.m in Sources */ = {isa = PBXBuildFile; fileRef = 180010301D13178000E01991 /* SDWebImageDownloaderOperation.m */; };
		1800105A1D13178000E01991 /* SDWebImageManager.m in Sources */ = {isa = PBXBuildFile; fileRef = 180010321D13178000E01991 /* SDWebImageManager.m */; };
		1800105B1D13178000E01991 /* SDWebImagePrefetcher.m in Sources */ = {isa = PBXBuildFile; fileRef = 180010351D13178000E01991 /* SDWebImagePrefetcher.m */; };
		1800105C1D13178000E01991 /* UIButton+WebCache.m in Sources */ = {isa = PBXBuildFile; fileRef = 180010371D13178000E01991 /* UIButton+WebCache.m */; };
		1800105D1D13178000E01991 /* UIImage+GIF.m in Sources */ = {isa = PBXBuildFile; fileRef = 180010391D13178000E01991 /* UIImage+GIF.m */; };
		1800105E1D13178000E01991 /* UIImage+MultiFormat.m in Sources */ = {isa = PBXBuildFile; fileRef = 1800103B1D13178000E01991 /* UIImage+MultiFormat.m */; };
		1800105F1D13178000E01991 /* UIImage+WebP.m in Sources */ = {isa = PBXBuildFile; fileRef = 1800103D1D13178000E01991 /* UIImage+WebP.m */; };
		180010601D13178000E01991 /* UIImageView+HighlightedWebCache.m in Sources */ = {isa = PBXBuildFile; fileRef = 1800103F1D13178000E01991 /* UIImageView+HighlightedWebCache.m */; };
		180010611D13178000E01991 /* UIImageView+WebCache.m in Sources */ = {isa = PBXBuildFile; fileRef = 180010411D13178000E01991 /* UIImageView+WebCache.m */; };
		180010621D13178000E01991 /* UIView+WebCacheOperation.m in Sources */ = {isa = PBXBuildFile; fileRef = 180010431D13178000E01991 /* UIView+WebCacheOperation.m */; };
		180010631D13178000E01991 /* YYModelManager.m in Sources */ = {isa = PBXBuildFile; fileRef = 180010461D13178000E01991 /* YYModelManager.m */; };
		180010641D13178000E01991 /* YYNewsModel.m in Sources */ = {isa = PBXBuildFile; fileRef = 180010481D13178000E01991 /* YYNewsModel.m */; };
		180010651D13178000E01991 /* YYNewsTableViewCell.m in Sources */ = {isa = PBXBuildFile; fileRef = 1800104B1D13178000E01991 /* YYNewsTableViewCell.m */; };
		180010661D13178000E01991 /* YYNewsTableViewCell.xib in Resources */ = {isa = PBXBuildFile; fileRef = 1800104C1D13178000E01991 /* YYNewsTableViewCell.xib */; };
		180010691D1317D100E01991 /* YYMainTableViewController.m in Sources */ = {isa = PBXBuildFile; fileRef = 180010681D1317D100E01991 /* YYMainTableViewController.m */; };
		187051CF1D0EE5500096FC9A /* Main.storyboard in Resources */ = {isa = PBXBuildFile; fileRef = 187051CD1D0EE5500096FC9A /* Main.storyboard */; };
		187051D11D0EE5500096FC9A /* Assets.xcassets in Resources */ = {isa = PBXBuildFile; fileRef = 187051D01D0EE5500096FC9A /* Assets.xcassets */; };
		187051D41D0EE5500096FC9A /* LaunchScreen.storyboard in Resources */ = {isa = PBXBuildFile; fileRef = 187051D21D0EE5500096FC9A /* LaunchScreen.storyboard */; };
		187051DF1D0EE5510096FC9A /* GithubTestTests.m in Sources */ = {isa = PBXBuildFile; fileRef = 187051DE1D0EE5510096FC9A /* GithubTestTests.m */; };
		187051EA1D0EE5510096FC9A /* GithubTestUITests.m in Sources */ = {isa = PBXBuildFile; fileRef = 187051E91D0EE5510096FC9A /* GithubTestUITests.m */; };
/* End PBXBuildFile section */

/* Begin PBXContainerItemProxy section */
		187051DB1D0EE5510096FC9A /* PBXContainerItemProxy */ = {
			isa = PBXContainerItemProxy;
			containerPortal = 187051B91D0EE5500096FC9A /* Project object */;
			proxyType = 1;
			remoteGlobalIDString = 187051C01D0EE5500096FC9A;
			remoteInfo = GithubTest;
		};
		187051E61D0EE5510096FC9A /* PBXContainerItemProxy */ = {
			isa = PBXContainerItemProxy;
			containerPortal = 187051B91D0EE5500096FC9A /* Project object */;
			proxyType = 1;
			remoteGlobalIDString = 187051C01D0EE5500096FC9A;
			remoteInfo = GithubTest;
		};
/* End PBXContainerItemProxy section */

/* Begin PBXFileReference section */
		1800100A1D1316D400E01991 /* ViewController.h */ = {isa = PBXFileReference; fileEncoding = 4; lastKnownFileType = sourcecode.c.h; path = ViewController.h; sourceTree = "<group>"; };
		1800100B1D1316D400E01991 /* ViewController.m */ = {isa = PBXFileReference; fileEncoding = 4; lastKnownFileType = sourcecode.c.objc; path = ViewController.m; sourceTree = "<group>"; };
		1800100D1D1316D400E01991 /* AppDelegate.h */ = {isa = PBXFileReference; fileEncoding = 4; lastKnownFileType = sourcecode.c.h; path = AppDelegate.h; sourceTree = "<group>"; };
		1800100E1D1316D400E01991 /* AppDelegate.m */ = {isa = PBXFileReference; fileEncoding = 4; lastKnownFileType = sourcecode.c.objc; path = AppDelegate.m; sourceTree = "<group>"; };
		1800100F1D1316D400E01991 /* main.m */ = {isa = PBXFileReference; fileEncoding = 4; lastKnownFileType = sourcecode.c.objc; path = main.m; sourceTree = "<group>"; };
		180010151D13178000E01991 /* AFHTTPSessionManager.h */ = {isa = PBXFileReference; fileEncoding = 4; lastKnownFileType = sourcecode.c.h; path = AFHTTPSessionManager.h; sourceTree = "<group>"; };
		180010161D13178000E01991 /* AFHTTPSessionManager.m */ = {isa = PBXFileReference; fileEncoding = 4; lastKnownFileType = sourcecode.c.objc; path = AFHTTPSessionManager.m; sourceTree = "<group>"; };
		180010171D13178000E01991 /* AFNetworking.h */ = {isa = PBXFileReference; fileEncoding = 4; lastKnownFileType = sourcecode.c.h; path = AFNetworking.h; sourceTree = "<group>"; };
		180010181D13178000E01991 /* AFNetworkReachabilityManager.h */ = {isa = PBXFileReference; fileEncoding = 4; lastKnownFileType = sourcecode.c.h; path = AFNetworkReachabilityManager.h; sourceTree = "<group>"; };
		180010191D13178000E01991 /* AFNetworkReachabilityManager.m */ = {isa = PBXFileReference; fileEncoding = 4; lastKnownFileType = sourcecode.c.objc; path = AFNetworkReachabilityManager.m; sourceTree = "<group>"; };
		1800101A1D13178000E01991 /* AFSecurityPolicy.h */ = {isa = PBXFileReference; fileEncoding = 4; lastKnownFileType = sourcecode.c.h; path = AFSecurityPolicy.h; sourceTree = "<group>"; };
		1800101B1D13178000E01991 /* AFSecurityPolicy.m */ = {isa = PBXFileReference; fileEncoding = 4; lastKnownFileType = sourcecode.c.objc; path = AFSecurityPolicy.m; sourceTree = "<group>"; };
		1800101C1D13178000E01991 /* AFURLRequestSerialization.h */ = {isa = PBXFileReference; fileEncoding = 4; lastKnownFileType = sourcecode.c.h; path = AFURLRequestSerialization.h; sourceTree = "<group>"; };
		1800101D1D13178000E01991 /* AFURLRequestSerialization.m */ = {isa = PBXFileReference; fileEncoding = 4; lastKnownFileType = sourcecode.c.objc; path = AFURLRequestSerialization.m; sourceTree = "<group>"; };
		1800101E1D13178000E01991 /* AFURLResponseSerialization.h */ = {isa = PBXFileReference; fileEncoding = 4; lastKnownFileType = sourcecode.c.h; path = AFURLResponseSerialization.h; sourceTree = "<group>"; };
		1800101F1D13178000E01991 /* AFURLResponseSerialization.m */ = {isa = PBXFileReference; fileEncoding = 4; lastKnownFileType = sourcecode.c.objc; path = AFURLResponseSerialization.m; sourceTree = "<group>"; };
		180010201D13178000E01991 /* AFURLSessionManager.h */ = {isa = PBXFileReference; fileEncoding = 4; lastKnownFileType = sourcecode.c.h; path = AFURLSessionManager.h; sourceTree = "<group>"; };
		180010211D13178000E01991 /* AFURLSessionManager.m */ = {isa = PBXFileReference; fileEncoding = 4; lastKnownFileType = sourcecode.c.objc; path = AFURLSessionManager.m; sourceTree = "<group>"; };
		180010231D13178000E01991 /* MKAnnotationView+WebCache.h */ = {isa = PBXFileReference; fileEncoding = 4; lastKnownFileType = sourcecode.c.h; path = "MKAnnotationView+WebCache.h"; sourceTree = "<group>"; };
		180010241D13178000E01991 /* MKAnnotationView+WebCache.m */ = {isa = PBXFileReference; fileEncoding = 4; lastKnownFileType = sourcecode.c.objc; path = "MKAnnotationView+WebCache.m"; sourceTree = "<group>"; };
		180010251D13178000E01991 /* NSData+ImageContentType.h */ = {isa = PBXFileReference; fileEncoding = 4; lastKnownFileType = sourcecode.c.h; path = "NSData+ImageContentType.h"; sourceTree = "<group>"; };
		180010261D13178000E01991 /* NSData+ImageContentType.m */ = {isa = PBXFileReference; fileEncoding = 4; lastKnownFileType = sourcecode.c.objc; path = "NSData+ImageContentType.m"; sourceTree = "<group>"; };
		180010271D13178000E01991 /* SDImageCache.h */ = {isa = PBXFileReference; fileEncoding = 4; lastKnownFileType = sourcecode.c.h; path = SDImageCache.h; sourceTree = "<group>"; };
		180010281D13178000E01991 /* SDImageCache.m */ = {isa = PBXFileReference; fileEncoding = 4; lastKnownFileType = sourcecode.c.objc; path = SDImageCache.m; sourceTree = "<group>"; };
		180010291D13178000E01991 /* SDWebImageCompat.h */ = {isa = PBXFileReference; fileEncoding = 4; lastKnownFileType = sourcecode.c.h; path = SDWebImageCompat.h; sourceTree = "<group>"; };
		1800102A1D13178000E01991 /* SDWebImageCompat.m */ = {isa = PBXFileReference; fileEncoding = 4; lastKnownFileType = sourcecode.c.objc; path = SDWebImageCompat.m; sourceTree = "<group>"; };
		1800102B1D13178000E01991 /* SDWebImageDecoder.h */ = {isa = PBXFileReference; fileEncoding = 4; lastKnownFileType = sourcecode.c.h; path = SDWebImageDecoder.h; sourceTree = "<group>"; };
		1800102C1D13178000E01991 /* SDWebImageDecoder.m */ = {isa = PBXFileReference; fileEncoding = 4; lastKnownFileType = sourcecode.c.objc; path = SDWebImageDecoder.m; sourceTree = "<group>"; };
		1800102D1D13178000E01991 /* SDWebImageDownloader.h */ = {isa = PBXFileReference; fileEncoding = 4; lastKnownFileType = sourcecode.c.h; path = SDWebImageDownloader.h; sourceTree = "<group>"; };
		1800102E1D13178000E01991 /* SDWebImageDownloader.m */ = {isa = PBXFileReference; fileEncoding = 4; lastKnownFileType = sourcecode.c.objc; path = SDWebImageDownloader.m; sourceTree = "<group>"; };
		1800102F1D13178000E01991 /* SDWebImageDownloaderOperation.h */ = {isa = PBXFileReference; fileEncoding = 4; lastKnownFileType = sourcecode.c.h; path = SDWebImageDownloaderOperation.h; sourceTree = "<group>"; };
		180010301D13178000E01991 /* SDWebImageDownloaderOperation.m */ = {isa = PBXFileReference; fileEncoding = 4; lastKnownFileType = sourcecode.c.objc; path = SDWebImageDownloaderOperation.m; sourceTree = "<group>"; };
		180010311D13178000E01991 /* SDWebImageManager.h */ = {isa = PBXFileReference; fileEncoding = 4; lastKnownFileType = sourcecode.c.h; path = SDWebImageManager.h; sourceTree = "<group>"; };
		180010321D13178000E01991 /* SDWebImageManager.m */ = {isa = PBXFileReference; fileEncoding = 4; lastKnownFileType = sourcecode.c.objc; path = SDWebImageManager.m; sourceTree = "<group>"; };
		180010331D13178000E01991 /* SDWebImageOperation.h */ = {isa = PBXFileReference; fileEncoding = 4; lastKnownFileType = sourcecode.c.h; path = SDWebImageOperation.h; sourceTree = "<group>"; };
		180010341D13178000E01991 /* SDWebImagePrefetcher.h */ = {isa = PBXFileReference; fileEncoding = 4; lastKnownFileType = sourcecode.c.h; path = SDWebImagePrefetcher.h; sourceTree = "<group>"; };
		180010351D13178000E01991 /* SDWebImagePrefetcher.m */ = {isa = PBXFileReference; fileEncoding = 4; lastKnownFileType = sourcecode.c.objc; path = SDWebImagePrefetcher.m; sourceTree = "<group>"; };
		180010361D13178000E01991 /* UIButton+WebCache.h */ = {isa = PBXFileReference; fileEncoding = 4; lastKnownFileType = sourcecode.c.h; path = "UIButton+WebCache.h"; sourceTree = "<group>"; };
		180010371D13178000E01991 /* UIButton+WebCache.m */ = {isa = PBXFileReference; fileEncoding = 4; lastKnownFileType = sourcecode.c.objc; path = "UIButton+WebCache.m"; sourceTree = "<group>"; };
		180010381D13178000E01991 /* UIImage+GIF.h */ = {isa = PBXFileReference; fileEncoding = 4; lastKnownFileType = sourcecode.c.h; path = "UIImage+GIF.h"; sourceTree = "<group>"; };
		180010391D13178000E01991 /* UIImage+GIF.m */ = {isa = PBXFileReference; fileEncoding = 4; lastKnownFileType = sourcecode.c.objc; path = "UIImage+GIF.m"; sourceTree = "<group>"; };
		1800103A1D13178000E01991 /* UIImage+MultiFormat.h */ = {isa = PBXFileReference; fileEncoding = 4; lastKnownFileType = sourcecode.c.h; path = "UIImage+MultiFormat.h"; sourceTree = "<group>"; };
		1800103B1D13178000E01991 /* UIImage+MultiFormat.m */ = {isa = PBXFileReference; fileEncoding = 4; lastKnownFileType = sourcecode.c.objc; path = "UIImage+MultiFormat.m"; sourceTree = "<group>"; };
		1800103C1D13178000E01991 /* UIImage+WebP.h */ = {isa = PBXFileReference; fileEncoding = 4; lastKnownFileType = sourcecode.c.h; path = "UIImage+WebP.h"; sourceTree = "<group>"; };
		1800103D1D13178000E01991 /* UIImage+WebP.m */ = {isa = PBXFileReference; fileEncoding = 4; lastKnownFileType = sourcecode.c.objc; path = "UIImage+WebP.m"; sourceTree = "<group>"; };
		1800103E1D13178000E01991 /* UIImageView+HighlightedWebCache.h */ = {isa = PBXFileReference; fileEncoding = 4; lastKnownFileType = sourcecode.c.h; path = "UIImageView+HighlightedWebCache.h"; sourceTree = "<group>"; };
		1800103F1D13178000E01991 /* UIImageView+HighlightedWebCache.m */ = {isa = PBXFileReference; fileEncoding = 4; lastKnownFileType = sourcecode.c.objc; path = "UIImageView+HighlightedWebCache.m"; sourceTree = "<group>"; };
		180010401D13178000E01991 /* UIImageView+WebCache.h */ = {isa = PBXFileReference; fileEncoding = 4; lastKnownFileType = sourcecode.c.h; path = "UIImageView+WebCache.h"; sourceTree = "<group>"; };
		180010411D13178000E01991 /* UIImageView+WebCache.m */ = {isa = PBXFileReference; fileEncoding = 4; lastKnownFileType = sourcecode.c.objc; path = "UIImageView+WebCache.m"; sourceTree = "<group>"; };
		180010421D13178000E01991 /* UIView+WebCacheOperation.h */ = {isa = PBXFileReference; fileEncoding = 4; lastKnownFileType = sourcecode.c.h; path = "UIView+WebCacheOperation.h"; sourceTree = "<group>"; };
		180010431D13178000E01991 /* UIView+WebCacheOperation.m */ = {isa = PBXFileReference; fileEncoding = 4; lastKnownFileType = sourcecode.c.objc; path = "UIView+WebCacheOperation.m"; sourceTree = "<group>"; };
		180010451D13178000E01991 /* YYModelManager.h */ = {isa = PBXFileReference; fileEncoding = 4; lastKnownFileType = sourcecode.c.h; path = YYModelManager.h; sourceTree = "<group>"; };
		180010461D13178000E01991 /* YYModelManager.m */ = {isa = PBXFileReference; fileEncoding = 4; lastKnownFileType = sourcecode.c.objc; path = YYModelManager.m; sourceTree = "<group>"; };
		180010471D13178000E01991 /* YYNewsModel.h */ = {isa = PBXFileReference; fileEncoding = 4; lastKnownFileType = sourcecode.c.h; path = YYNewsModel.h; sourceTree = "<group>"; };
		180010481D13178000E01991 /* YYNewsModel.m */ = {isa = PBXFileReference; fileEncoding = 4; lastKnownFileType = sourcecode.c.objc; path = YYNewsModel.m; sourceTree = "<group>"; };
		1800104A1D13178000E01991 /* YYNewsTableViewCell.h */ = {isa = PBXFileReference; fileEncoding = 4; lastKnownFileType = sourcecode.c.h; path = YYNewsTableViewCell.h; sourceTree = "<group>"; };
		1800104B1D13178000E01991 /* YYNewsTableViewCell.m */ = {isa = PBXFileReference; fileEncoding = 4; lastKnownFileType = sourcecode.c.objc; path = YYNewsTableViewCell.m; sourceTree = "<group>"; };
		1800104C1D13178000E01991 /* YYNewsTableViewCell.xib */ = {isa = PBXFileReference; fileEncoding = 4; lastKnownFileType = file.xib; path = YYNewsTableViewCell.xib; sourceTree = "<group>"; };
		180010671D1317D100E01991 /* YYMainTableViewController.h */ = {isa = PBXFileReference; fileEncoding = 4; lastKnownFileType = sourcecode.c.h; path = YYMainTableViewController.h; sourceTree = "<group>"; };
		180010681D1317D100E01991 /* YYMainTableViewController.m */ = {isa = PBXFileReference; fileEncoding = 4; lastKnownFileType = sourcecode.c.objc; path = YYMainTableViewController.m; sourceTree = "<group>"; };
		187051C11D0EE5500096FC9A /* GithubTest.app */ = {isa = PBXFileReference; explicitFileType = wrapper.application; includeInIndex = 0; path = GithubTest.app; sourceTree = BUILT_PRODUCTS_DIR; };
		187051CE1D0EE5500096FC9A /* Base */ = {isa = PBXFileReference; lastKnownFileType = file.storyboard; name = Base; path = Base.lproj/Main.storyboard; sourceTree = "<group>"; };
		187051D01D0EE5500096FC9A /* Assets.xcassets */ = {isa = PBXFileReference; lastKnownFileType = folder.assetcatalog; path = Assets.xcassets; sourceTree = "<group>"; };
		187051D31D0EE5500096FC9A /* Base */ = {isa = PBXFileReference; lastKnownFileType = file.storyboard; name = Base; path = Base.lproj/LaunchScreen.storyboard; sourceTree = "<group>"; };
		187051D51D0EE5510096FC9A /* Info.plist */ = {isa = PBXFileReference; lastKnownFileType = text.plist.xml; path = Info.plist; sourceTree = "<group>"; };
		187051DA1D0EE5510096FC9A /* GithubTestTests.xctest */ = {isa = PBXFileReference; explicitFileType = wrapper.cfbundle; includeInIndex = 0; path = GithubTestTests.xctest; sourceTree = BUILT_PRODUCTS_DIR; };
		187051DE1D0EE5510096FC9A /* GithubTestTests.m */ = {isa = PBXFileReference; lastKnownFileType = sourcecode.c.objc; path = GithubTestTests.m; sourceTree = "<group>"; };
		187051E01D0EE5510096FC9A /* Info.plist */ = {isa = PBXFileReference; lastKnownFileType = text.plist.xml; path = Info.plist; sourceTree = "<group>"; };
		187051E51D0EE5510096FC9A /* GithubTestUITests.xctest */ = {isa = PBXFileReference; explicitFileType = wrapper.cfbundle; includeInIndex = 0; path = GithubTestUITests.xctest; sourceTree = BUILT_PRODUCTS_DIR; };
		187051E91D0EE5510096FC9A /* GithubTestUITests.m */ = {isa = PBXFileReference; lastKnownFileType = sourcecode.c.objc; path = GithubTestUITests.m; sourceTree = "<group>"; };
		187051EB1D0EE5510096FC9A /* Info.plist */ = {isa = PBXFileReference; lastKnownFileType = text.plist.xml; path = Info.plist; sourceTree = "<group>"; };
/* End PBXFileReference section */

/* Begin PBXFrameworksBuildPhase section */
		187051BE1D0EE5500096FC9A /* Frameworks */ = {
			isa = PBXFrameworksBuildPhase;
			buildActionMask = 2147483647;
			files = (
			);
			runOnlyForDeploymentPostprocessing = 0;
		};
		187051D71D0EE5510096FC9A /* Frameworks */ = {
			isa = PBXFrameworksBuildPhase;
			buildActionMask = 2147483647;
			files = (
			);
			runOnlyForDeploymentPostprocessing = 0;
		};
		187051E21D0EE5510096FC9A /* Frameworks */ = {
			isa = PBXFrameworksBuildPhase;
			buildActionMask = 2147483647;
			files = (
			);
			runOnlyForDeploymentPostprocessing = 0;
		};
/* End PBXFrameworksBuildPhase section */

/* Begin PBXGroup section */
		180010091D1316D400E01991 /* Controller */ = {
			isa = PBXGroup;
			children = (
				1800100A1D1316D400E01991 /* ViewController.h */,
				1800100B1D1316D400E01991 /* ViewController.m */,
				180010671D1317D100E01991 /* YYMainTableViewController.h */,
				180010681D1317D100E01991 /* YYMainTableViewController.m */,
			);
			path = Controller;
			sourceTree = "<group>";
		};
		1800100C1D1316D400E01991 /* Others */ = {
			isa = PBXGroup;
			children = (
				1800100D1D1316D400E01991 /* AppDelegate.h */,
				1800100E1D1316D400E01991 /* AppDelegate.m */,
				1800100F1D1316D400E01991 /* main.m */,
			);
			path = Others;
			sourceTree = "<group>";
		};
		180010131D13178000E01991 /* Libraries */ = {
			isa = PBXGroup;
			children = (
				180010141D13178000E01991 /* AFNetworking */,
				180010221D13178000E01991 /* SDWebImage */,
			);
			name = Libraries;
			path = Others/Libraries;
			sourceTree = "<group>";
		};
		180010141D13178000E01991 /* AFNetworking */ = {
			isa = PBXGroup;
			children = (
				180010151D13178000E01991 /* AFHTTPSessionManager.h */,
				180010161D13178000E01991 /* AFHTTPSessionManager.m */,
				180010171D13178000E01991 /* AFNetworking.h */,
				180010181D13178000E01991 /* AFNetworkReachabilityManager.h */,
				180010191D13178000E01991 /* AFNetworkReachabilityManager.m */,
				1800101A1D13178000E01991 /* AFSecurityPolicy.h */,
				1800101B1D13178000E01991 /* AFSecurityPolicy.m */,
				1800101C1D13178000E01991 /* AFURLRequestSerialization.h */,
				1800101D1D13178000E01991 /* AFURLRequestSerialization.m */,
				1800101E1D13178000E01991 /* AFURLResponseSerialization.h */,
				1800101F1D13178000E01991 /* AFURLResponseSerialization.m */,
				180010201D13178000E01991 /* AFURLSessionManager.h */,
				180010211D13178000E01991 /* AFURLSessionManager.m */,
			);
			path = AFNetworking;
			sourceTree = "<group>";
		};
		180010221D13178000E01991 /* SDWebImage */ = {
			isa = PBXGroup;
			children = (
				180010231D13178000E01991 /* MKAnnotationView+WebCache.h */,
				180010241D13178000E01991 /* MKAnnotationView+WebCache.m */,
				180010251D13178000E01991 /* NSData+ImageContentType.h */,
				180010261D13178000E01991 /* NSData+ImageContentType.m */,
				180010271D13178000E01991 /* SDImageCache.h */,
				180010281D13178000E01991 /* SDImageCache.m */,
				180010291D13178000E01991 /* SDWebImageCompat.h */,
				1800102A1D13178000E01991 /* SDWebImageCompat.m */,
				1800102B1D13178000E01991 /* SDWebImageDecoder.h */,
				1800102C1D13178000E01991 /* SDWebImageDecoder.m */,
				1800102D1D13178000E01991 /* SDWebImageDownloader.h */,
				1800102E1D13178000E01991 /* SDWebImageDownloader.m */,
				1800102F1D13178000E01991 /* SDWebImageDownloaderOperation.h */,
				180010301D13178000E01991 /* SDWebImageDownloaderOperation.m */,
				180010311D13178000E01991 /* SDWebImageManager.h */,
				180010321D13178000E01991 /* SDWebImageManager.m */,
				180010331D13178000E01991 /* SDWebImageOperation.h */,
				180010341D13178000E01991 /* SDWebImagePrefetcher.h */,
				180010351D13178000E01991 /* SDWebImagePrefetcher.m */,
				180010361D13178000E01991 /* UIButton+WebCache.h */,
				180010371D13178000E01991 /* UIButton+WebCache.m */,
				180010381D13178000E01991 /* UIImage+GIF.h */,
				180010391D13178000E01991 /* UIImage+GIF.m */,
				1800103A1D13178000E01991 /* UIImage+MultiFormat.h */,
				1800103B1D13178000E01991 /* UIImage+MultiFormat.m */,
				1800103C1D13178000E01991 /* UIImage+WebP.h */,
				1800103D1D13178000E01991 /* UIImage+WebP.m */,
				1800103E1D13178000E01991 /* UIImageView+HighlightedWebCache.h */,
				1800103F1D13178000E01991 /* UIImageView+HighlightedWebCache.m */,
				180010401D13178000E01991 /* UIImageView+WebCache.h */,
				180010411D13178000E01991 /* UIImageView+WebCache.m */,
				180010421D13178000E01991 /* UIView+WebCacheOperation.h */,
				180010431D13178000E01991 /* UIView+WebCacheOperation.m */,
			);
			path = SDWebImage;
			sourceTree = "<group>";
		};
		180010441D13178000E01991 /* Model */ = {
			isa = PBXGroup;
			children = (
				180010451D13178000E01991 /* YYModelManager.h */,
				180010461D13178000E01991 /* YYModelManager.m */,
				180010471D13178000E01991 /* YYNewsModel.h */,
				180010481D13178000E01991 /* YYNewsModel.m */,
			);
			name = Model;
			path = Others/Model;
			sourceTree = "<group>";
		};
		180010491D13178000E01991 /* View */ = {
			isa = PBXGroup;
			children = (
				1800104A1D13178000E01991 /* YYNewsTableViewCell.h */,
				1800104B1D13178000E01991 /* YYNewsTableViewCell.m */,
				1800104C1D13178000E01991 /* YYNewsTableViewCell.xib */,
			);
			name = View;
			path = Others/View;
			sourceTree = "<group>";
		};
		187051B81D0EE5500096FC9A = {
			isa = PBXGroup;
			children = (
				187051C31D0EE5500096FC9A /* GithubTest */,
				187051DD1D0EE5510096FC9A /* GithubTestTests */,
				187051E81D0EE5510096FC9A /* GithubTestUITests */,
				187051C21D0EE5500096FC9A /* Products */,
			);
			sourceTree = "<group>";
		};
		187051C21D0EE5500096FC9A /* Products */ = {
			isa = PBXGroup;
			children = (
				187051C11D0EE5500096FC9A /* GithubTest.app */,
				187051DA1D0EE5510096FC9A /* GithubTestTests.xctest */,
				187051E51D0EE5510096FC9A /* GithubTestUITests.xctest */,
			);
			name = Products;
			sourceTree = "<group>";
		};
		187051C31D0EE5500096FC9A /* GithubTest */ = {
			isa = PBXGroup;
			children = (
				180010091D1316D400E01991 /* Controller */,
				180010131D13178000E01991 /* Libraries */,
				180010441D13178000E01991 /* Model */,
				180010491D13178000E01991 /* View */,
				1800100C1D1316D400E01991 /* Others */,
				187051CD1D0EE5500096FC9A /* Main.storyboard */,
				187051D01D0EE5500096FC9A /* Assets.xcassets */,
				187051D21D0EE5500096FC9A /* LaunchScreen.storyboard */,
				187051D51D0EE5510096FC9A /* Info.plist */,
			);
			path = GithubTest;
			sourceTree = "<group>";
		};
		187051DD1D0EE5510096FC9A /* GithubTestTests */ = {
			isa = PBXGroup;
			children = (
				187051DE1D0EE5510096FC9A /* GithubTestTests.m */,
				187051E01D0EE5510096FC9A /* Info.plist */,
			);
			path = GithubTestTests;
			sourceTree = "<group>";
		};
		187051E81D0EE5510096FC9A /* GithubTestUITests */ = {
			isa = PBXGroup;
			children = (
				187051E91D0EE5510096FC9A /* GithubTestUITests.m */,
				187051EB1D0EE5510096FC9A /* Info.plist */,
			);
			path = GithubTestUITests;
			sourceTree = "<group>";
		};
/* End PBXGroup section */

/* Begin PBXNativeTarget section */
		187051C01D0EE5500096FC9A /* GithubTest */ = {
			isa = PBXNativeTarget;
			buildConfigurationList = 187051EE1D0EE5510096FC9A /* Build configuration list for PBXNativeTarget "GithubTest" */;
			buildPhases = (
				187051BD1D0EE5500096FC9A /* Sources */,
				187051BE1D0EE5500096FC9A /* Frameworks */,
				187051BF1D0EE5500096FC9A /* Resources */,
			);
			buildRules = (
			);
			dependencies = (
			);
			name = GithubTest;
			productName = GithubTest;
			productReference = 187051C11D0EE5500096FC9A /* GithubTest.app */;
			productType = "com.apple.product-type.application";
		};
		187051D91D0EE5510096FC9A /* GithubTestTests */ = {
			isa = PBXNativeTarget;
			buildConfigurationList = 187051F11D0EE5510096FC9A /* Build configuration list for PBXNativeTarget "GithubTestTests" */;
			buildPhases = (
				187051D61D0EE5510096FC9A /* Sources */,
				187051D71D0EE5510096FC9A /* Frameworks */,
				187051D81D0EE5510096FC9A /* Resources */,
			);
			buildRules = (
			);
			dependencies = (
				187051DC1D0EE5510096FC9A /* PBXTargetDependency */,
			);
			name = GithubTestTests;
			productName = GithubTestTests;
			productReference = 187051DA1D0EE5510096FC9A /* GithubTestTests.xctest */;
			productType = "com.apple.product-type.bundle.unit-test";
		};
		187051E41D0EE5510096FC9A /* GithubTestUITests */ = {
			isa = PBXNativeTarget;
			buildConfigurationList = 187051F41D0EE5510096FC9A /* Build configuration list for PBXNativeTarget "GithubTestUITests" */;
			buildPhases = (
				187051E11D0EE5510096FC9A /* Sources */,
				187051E21D0EE5510096FC9A /* Frameworks */,
				187051E31D0EE5510096FC9A /* Resources */,
			);
			buildRules = (
			);
			dependencies = (
				187051E71D0EE5510096FC9A /* PBXTargetDependency */,
			);
			name = GithubTestUITests;
			productName = GithubTestUITests;
			productReference = 187051E51D0EE5510096FC9A /* GithubTestUITests.xctest */;
			productType = "com.apple.product-type.bundle.ui-testing";
		};
/* End PBXNativeTarget section */

/* Begin PBXProject section */
		187051B91D0EE5500096FC9A /* Project object */ = {
			isa = PBXProject;
			attributes = {
				CLASSPREFIX = YY;
				LastUpgradeCheck = 0730;
				ORGANIZATIONNAME = best;
				TargetAttributes = {
					187051C01D0EE5500096FC9A = {
						CreatedOnToolsVersion = 7.3;
					};
					187051D91D0EE5510096FC9A = {
						CreatedOnToolsVersion = 7.3;
						TestTargetID = 187051C01D0EE5500096FC9A;
					};
					187051E41D0EE5510096FC9A = {
						CreatedOnToolsVersion = 7.3;
						TestTargetID = 187051C01D0EE5500096FC9A;
					};
				};
			};
			buildConfigurationList = 187051BC1D0EE5500096FC9A /* Build configuration list for PBXProject "GithubTest" */;
			compatibilityVersion = "Xcode 3.2";
			developmentRegion = English;
			hasScannedForEncodings = 0;
			knownRegions = (
				en,
				Base,
			);
			mainGroup = 187051B81D0EE5500096FC9A;
			productRefGroup = 187051C21D0EE5500096FC9A /* Products */;
			projectDirPath = "";
			projectRoot = "";
			targets = (
				187051C01D0EE5500096FC9A /* GithubTest */,
				187051D91D0EE5510096FC9A /* GithubTestTests */,
				187051E41D0EE5510096FC9A /* GithubTestUITests */,
			);
		};
/* End PBXProject section */

/* Begin PBXResourcesBuildPhase section */
		187051BF1D0EE5500096FC9A /* Resources */ = {
			isa = PBXResourcesBuildPhase;
			buildActionMask = 2147483647;
			files = (
				187051D41D0EE5500096FC9A /* LaunchScreen.storyboard in Resources */,
				187051D11D0EE5500096FC9A /* Assets.xcassets in Resources */,
				180010661D13178000E01991 /* YYNewsTableViewCell.xib in Resources */,
				187051CF1D0EE5500096FC9A /* Main.storyboard in Resources */,
			);
			runOnlyForDeploymentPostprocessing = 0;
		};
		187051D81D0EE5510096FC9A /* Resources */ = {
			isa = PBXResourcesBuildPhase;
			buildActionMask = 2147483647;
			files = (
			);
			runOnlyForDeploymentPostprocessing = 0;
		};
		187051E31D0EE5510096FC9A /* Resources */ = {
			isa = PBXResourcesBuildPhase;
			buildActionMask = 2147483647;
			files = (
			);
			runOnlyForDeploymentPostprocessing = 0;
		};
/* End PBXResourcesBuildPhase section */

/* Begin PBXSourcesBuildPhase section */
		187051BD1D0EE5500096FC9A /* Sources */ = {
			isa = PBXSourcesBuildPhase;
			buildActionMask = 2147483647;
			files = (
				180010601D13178000E01991 /* UIImageView+HighlightedWebCache.m in Sources */,
				180010571D13178000E01991 /* SDWebImageDecoder.m in Sources */,
				180010611D13178000E01991 /* UIImageView+WebCache.m in Sources */,
				180010521D13178000E01991 /* AFURLSessionManager.m in Sources */,
				180010591D13178000E01991 /* SDWebImageDownloaderOperation.m in Sources */,
				1800105A1D13178000E01991 /* SDWebImageManager.m in Sources */,
				180010101D1316D400E01991 /* ViewController.m in Sources */,
				180010121D1316D400E01991 /* main.m in Sources */,
				180010581D13178000E01991 /* SDWebImageDownloader.m in Sources */,
				180010531D13178000E01991 /* MKAnnotationView+WebCache.m in Sources */,
				180010561D13178000E01991 /* SDWebImageCompat.m in Sources */,
				1800105B1D13178000E01991 /* SDWebImagePrefetcher.m in Sources */,
				180010621D13178000E01991 /* UIView+WebCacheOperation.m in Sources */,
				1800105E1D13178000E01991 /* UIImage+MultiFormat.m in Sources */,
				1800104E1D13178000E01991 /* AFNetworkReachabilityManager.m in Sources */,
				180010111D1316D400E01991 /* AppDelegate.m in Sources */,
				1800105C1D13178000E01991 /* UIButton+WebCache.m in Sources */,
				1800104F1D13178000E01991 /* AFSecurityPolicy.m in Sources */,
				180010551D13178000E01991 /* SDImageCache.m in Sources */,
				180010501D13178000E01991 /* AFURLRequestSerialization.m in Sources */,
				180010511D13178000E01991 /* AFURLResponseSerialization.m in Sources */,
				180010641D13178000E01991 /* YYNewsModel.m in Sources */,
				180010651D13178000E01991 /* YYNewsTableViewCell.m in Sources */,
				1800104D1D13178000E01991 /* AFHTTPSessionManager.m in Sources */,
				1800105D1D13178000E01991 /* UIImage+GIF.m in Sources */,
				180010541D13178000E01991 /* NSData+ImageContentType.m in Sources */,
				1800105F1D13178000E01991 /* UIImage+WebP.m in Sources */,
				180010691D1317D100E01991 /* YYMainTableViewController.m in Sources */,
				180010631D13178000E01991 /* YYModelManager.m in Sources */,
			);
			runOnlyForDeploymentPostprocessing = 0;
		};
		187051D61D0EE5510096FC9A /* Sources */ = {
			isa = PBXSourcesBuildPhase;
			buildActionMask = 2147483647;
			files = (
				187051DF1D0EE5510096FC9A /* GithubTestTests.m in Sources */,
			);
			runOnlyForDeploymentPostprocessing = 0;
		};
		187051E11D0EE5510096FC9A /* Sources */ = {
			isa = PBXSourcesBuildPhase;
			buildActionMask = 2147483647;
			files = (
				187051EA1D0EE5510096FC9A /* GithubTestUITests.m in Sources */,
			);
			runOnlyForDeploymentPostprocessing = 0;
		};
/* End PBXSourcesBuildPhase section */

/* Begin PBXTargetDependency section */
		187051DC1D0EE5510096FC9A /* PBXTargetDependency */ = {
			isa = PBXTargetDependency;
			target = 187051C01D0EE5500096FC9A /* GithubTest */;
			targetProxy = 187051DB1D0EE5510096FC9A /* PBXContainerItemProxy */;
		};
		187051E71D0EE5510096FC9A /* PBXTargetDependency */ = {
			isa = PBXTargetDependency;
			target = 187051C01D0EE5500096FC9A /* GithubTest */;
			targetProxy = 187051E61D0EE5510096FC9A /* PBXContainerItemProxy */;
		};
/* End PBXTargetDependency section */

/* Begin PBXVariantGroup section */
		187051CD1D0EE5500096FC9A /* Main.storyboard */ = {
			isa = PBXVariantGroup;
			children = (
				187051CE1D0EE5500096FC9A /* Base */,
			);
			name = Main.storyboard;
			sourceTree = "<group>";
		};
		187051D21D0EE5500096FC9A /* LaunchScreen.storyboard */ = {
			isa = PBXVariantGroup;
			children = (
				187051D31D0EE5500096FC9A /* Base */,
			);
			name = LaunchScreen.storyboard;
			sourceTree = "<group>";
		};
/* End PBXVariantGroup section */

/* Begin XCBuildConfiguration section */
		187051EC1D0EE5510096FC9A /* Debug */ = {
			isa = XCBuildConfiguration;
			buildSettings = {
				ALWAYS_SEARCH_USER_PATHS = NO;
				CLANG_ANALYZER_NONNULL = YES;
				CLANG_CXX_LANGUAGE_STANDARD = "gnu++0x";
				CLANG_CXX_LIBRARY = "libc++";
				CLANG_ENABLE_MODULES = YES;
				CLANG_ENABLE_OBJC_ARC = YES;
				CLANG_WARN_BOOL_CONVERSION = YES;
				CLANG_WARN_CONSTANT_CONVERSION = YES;
				CLANG_WARN_DIRECT_OBJC_ISA_USAGE = YES_ERROR;
				CLANG_WARN_EMPTY_BODY = YES;
				CLANG_WARN_ENUM_CONVERSION = YES;
				CLANG_WARN_INT_CONVERSION = YES;
				CLANG_WARN_OBJC_ROOT_CLASS = YES_ERROR;
				CLANG_WARN_UNREACHABLE_CODE = YES;
				CLANG_WARN__DUPLICATE_METHOD_MATCH = YES;
				"CODE_SIGN_IDENTITY[sdk=iphoneos*]" = "iPhone Developer";
				COPY_PHASE_STRIP = NO;
				DEBUG_INFORMATION_FORMAT = dwarf;
				ENABLE_STRICT_OBJC_MSGSEND = YES;
				ENABLE_TESTABILITY = YES;
				GCC_C_LANGUAGE_STANDARD = gnu99;
				GCC_DYNAMIC_NO_PIC = NO;
				GCC_NO_COMMON_BLOCKS = YES;
				GCC_OPTIMIZATION_LEVEL = 0;
				GCC_PREPROCESSOR_DEFINITIONS = (
					"DEBUG=1",
					"$(inherited)",
				);
				GCC_WARN_64_TO_32_BIT_CONVERSION = YES;
				GCC_WARN_ABOUT_RETURN_TYPE = YES_ERROR;
				GCC_WARN_UNDECLARED_SELECTOR = YES;
				GCC_WARN_UNINITIALIZED_AUTOS = YES_AGGRESSIVE;
				GCC_WARN_UNUSED_FUNCTION = YES;
				GCC_WARN_UNUSED_VARIABLE = YES;
				IPHONEOS_DEPLOYMENT_TARGET = 9.3;
				MTL_ENABLE_DEBUG_INFO = YES;
				ONLY_ACTIVE_ARCH = YES;
				SDKROOT = iphoneos;
			};
			name = Debug;
		};
		187051ED1D0EE5510096FC9A /* Release */ = {
			isa = XCBuildConfiguration;
			buildSettings = {
				ALWAYS_SEARCH_USER_PATHS = NO;
				CLANG_ANALYZER_NONNULL = YES;
				CLANG_CXX_LANGUAGE_STANDARD = "gnu++0x";
				CLANG_CXX_LIBRARY = "libc++";
				CLANG_ENABLE_MODULES = YES;
				CLANG_ENABLE_OBJC_ARC = YES;
				CLANG_WARN_BOOL_CONVERSION = YES;
				CLANG_WARN_CONSTANT_CONVERSION = YES;
				CLANG_WARN_DIRECT_OBJC_ISA_USAGE = YES_ERROR;
				CLANG_WARN_EMPTY_BODY = YES;
				CLANG_WARN_ENUM_CONVERSION = YES;
				CLANG_WARN_INT_CONVERSION = YES;
				CLANG_WARN_OBJC_ROOT_CLASS = YES_ERROR;
				CLANG_WARN_UNREACHABLE_CODE = YES;
				CLANG_WARN__DUPLICATE_METHOD_MATCH = YES;
				"CODE_SIGN_IDENTITY[sdk=iphoneos*]" = "iPhone Developer";
				COPY_PHASE_STRIP = NO;
				DEBUG_INFORMATION_FORMAT = "dwarf-with-dsym";
				ENABLE_NS_ASSERTIONS = NO;
				ENABLE_STRICT_OBJC_MSGSEND = YES;
				GCC_C_LANGUAGE_STANDARD = gnu99;
				GCC_NO_COMMON_BLOCKS = YES;
				GCC_WARN_64_TO_32_BIT_CONVERSION = YES;
				GCC_WARN_ABOUT_RETURN_TYPE = YES_ERROR;
				GCC_WARN_UNDECLARED_SELECTOR = YES;
				GCC_WARN_UNINITIALIZED_AUTOS = YES_AGGRESSIVE;
				GCC_WARN_UNUSED_FUNCTION = YES;
				GCC_WARN_UNUSED_VARIABLE = YES;
				IPHONEOS_DEPLOYMENT_TARGET = 9.3;
				MTL_ENABLE_DEBUG_INFO = NO;
				SDKROOT = iphoneos;
				VALIDATE_PRODUCT = YES;
			};
			name = Release;
		};
		187051EF1D0EE5510096FC9A /* Debug */ = {
			isa = XCBuildConfiguration;
			buildSettings = {
				ASSETCATALOG_COMPILER_APPICON_NAME = AppIcon;
				INFOPLIST_FILE = GithubTest/Info.plist;
				LD_RUNPATH_SEARCH_PATHS = "$(inherited) @executable_path/Frameworks";
				PRODUCT_BUNDLE_IDENTIFIER = YY.GithubTest;
				PRODUCT_NAME = "$(TARGET_NAME)";
			};
			name = Debug;
		};
		187051F01D0EE5510096FC9A /* Release */ = {
			isa = XCBuildConfiguration;
			buildSettings = {
				ASSETCATALOG_COMPILER_APPICON_NAME = AppIcon;
				INFOPLIST_FILE = GithubTest/Info.plist;
				LD_RUNPATH_SEARCH_PATHS = "$(inherited) @executable_path/Frameworks";
				PRODUCT_BUNDLE_IDENTIFIER = YY.GithubTest;
				PRODUCT_NAME = "$(TARGET_NAME)";
			};
			name = Release;
		};
		187051F21D0EE5510096FC9A /* Debug */ = {
			isa = XCBuildConfiguration;
			buildSettings = {
				BUNDLE_LOADER = "$(TEST_HOST)";
				INFOPLIST_FILE = GithubTestTests/Info.plist;
				LD_RUNPATH_SEARCH_PATHS = "$(inherited) @executable_path/Frameworks @loader_path/Frameworks";
				PRODUCT_BUNDLE_IDENTIFIER = YY.GithubTestTests;
				PRODUCT_NAME = "$(TARGET_NAME)";
				TEST_HOST = "$(BUILT_PRODUCTS_DIR)/GithubTest.app/GithubTest";
			};
			name = Debug;
		};
		187051F31D0EE5510096FC9A /* Release */ = {
			isa = XCBuildConfiguration;
			buildSettings = {
				BUNDLE_LOADER = "$(TEST_HOST)";
				INFOPLIST_FILE = GithubTestTests/Info.plist;
				LD_RUNPATH_SEARCH_PATHS = "$(inherited) @executable_path/Frameworks @loader_path/Frameworks";
				PRODUCT_BUNDLE_IDENTIFIER = YY.GithubTestTests;
				PRODUCT_NAME = "$(TARGET_NAME)";
				TEST_HOST = "$(BUILT_PRODUCTS_DIR)/GithubTest.app/GithubTest";
			};
			name = Release;
		};
		187051F51D0EE5510096FC9A /* Debug */ = {
			isa = XCBuildConfiguration;
			buildSettings = {
				INFOPLIST_FILE = GithubTestUITests/Info.plist;
				LD_RUNPATH_SEARCH_PATHS = "$(inherited) @executable_path/Frameworks @loader_path/Frameworks";
				PRODUCT_BUNDLE_IDENTIFIER = YY.GithubTestUITests;
				PRODUCT_NAME = "$(TARGET_NAME)";
				TEST_TARGET_NAME = GithubTest;
			};
			name = Debug;
		};
		187051F61D0EE5510096FC9A /* Release */ = {
			isa = XCBuildConfiguration;
			buildSettings = {
				INFOPLIST_FILE = GithubTestUITests/Info.plist;
				LD_RUNPATH_SEARCH_PATHS = "$(inherited) @executable_path/Frameworks @loader_path/Frameworks";
				PRODUCT_BUNDLE_IDENTIFIER = YY.GithubTestUITests;
				PRODUCT_NAME = "$(TARGET_NAME)";
				TEST_TARGET_NAME = GithubTest;
			};
			name = Release;
		};
/* End XCBuildConfiguration section */

/* Begin XCConfigurationList section */
		187051BC1D0EE5500096FC9A /* Build configuration list for PBXProject "GithubTest" */ = {
			isa = XCConfigurationList;
			buildConfigurations = (
				187051EC1D0EE5510096FC9A /* Debug */,
				187051ED1D0EE5510096FC9A /* Release */,
			);
			defaultConfigurationIsVisible = 0;
			defaultConfigurationName = Release;
		};
		187051EE1D0EE5510096FC9A /* Build configuration list for PBXNativeTarget "GithubTest" */ = {
			isa = XCConfigurationList;
			buildConfigurations = (
				187051EF1D0EE5510096FC9A /* Debug */,
				187051F01D0EE5510096FC9A /* Release */,
			);
			defaultConfigurationIsVisible = 0;
			defaultConfigurationName = Release;
		};
		187051F11D0EE5510096FC9A /* Build configuration list for PBXNativeTarget "GithubTestTests" */ = {
			isa = XCConfigurationList;
			buildConfigurations = (
				187051F21D0EE5510096FC9A /* Debug */,
				187051F31D0EE5510096FC9A /* Release */,
			);
			defaultConfigurationIsVisible = 0;
			defaultConfigurationName = Release;
		};
		187051F41D0EE5510096FC9A /* Build configuration list for PBXNativeTarget "GithubTestUITests" */ = {
			isa = XCConfigurationList;
			buildConfigurations = (
				187051F51D0EE5510096FC9A /* Debug */,
				187051F61D0EE5510096FC9A /* Release */,
			);
			defaultConfigurationIsVisible = 0;
			defaultConfigurationName = Release;
		};
/* End XCConfigurationList section */
	};
	rootObject = 187051B91D0EE5500096FC9A /* Project object */;
}
